// !$*UTF8*$!
{
	archiveVersion = 1;
	classes = {
	};
	objectVersion = 46;
	objects = {

/* Begin PBXBuildFile section */
		3F030ED31DB564390099868B /* BackgroundMusic.mp3 in Resources */ = {isa = PBXBuildFile; fileRef = 3F030ED21DB564390099868B /* BackgroundMusic.mp3 */; };
		3F030ED51DB5645D0099868B /* AudioManager.swift in Sources */ = {isa = PBXBuildFile; fileRef = 3F030ED41DB5645D0099868B /* AudioManager.swift */; };
		3F030ED71DB570640099868B /* ProjectileSprite.swift in Sources */ = {isa = PBXBuildFile; fileRef = 3F030ED61DB570640099868B /* ProjectileSprite.swift */; };
		3F1427AC1D918D450032A1B1 /* AppDelegate.swift in Sources */ = {isa = PBXBuildFile; fileRef = 3F1427AB1D918D450032A1B1 /* AppDelegate.swift */; };
		3F1427AE1D918D450032A1B1 /* GameScene.sks in Resources */ = {isa = PBXBuildFile; fileRef = 3F1427AD1D918D450032A1B1 /* GameScene.sks */; };
		3F1427B01D918D450032A1B1 /* Actions.sks in Resources */ = {isa = PBXBuildFile; fileRef = 3F1427AF1D918D450032A1B1 /* Actions.sks */; };
		3F1427B21D918D450032A1B1 /* GameScene.swift in Sources */ = {isa = PBXBuildFile; fileRef = 3F1427B11D918D450032A1B1 /* GameScene.swift */; };
		3F1427B41D918D450032A1B1 /* GameViewController.swift in Sources */ = {isa = PBXBuildFile; fileRef = 3F1427B31D918D450032A1B1 /* GameViewController.swift */; };
		3F1427B71D918D450032A1B1 /* Main.storyboard in Resources */ = {isa = PBXBuildFile; fileRef = 3F1427B51D918D450032A1B1 /* Main.storyboard */; };
		3F1427B91D918D450032A1B1 /* Assets.xcassets in Resources */ = {isa = PBXBuildFile; fileRef = 3F1427B81D918D450032A1B1 /* Assets.xcassets */; };
		3F1427BC1D918D450032A1B1 /* LaunchScreen.storyboard in Resources */ = {isa = PBXBuildFile; fileRef = 3F1427BA1D918D450032A1B1 /* LaunchScreen.storyboard */; };
		3F223F331D988A9F00434A39 /* PlayerSprite.swift in Sources */ = {isa = PBXBuildFile; fileRef = 3F223F321D988A9F00434A39 /* PlayerSprite.swift */; };
		3F2576771DFF4AE1006CE71D /* pixelation.fsh in Resources */ = {isa = PBXBuildFile; fileRef = 3F2576761DFF4AE1006CE71D /* pixelation.fsh */; };
		3F2576801DFF710F006CE71D /* DeathSound.mp3 in Resources */ = {isa = PBXBuildFile; fileRef = 3F2576781DFF710F006CE71D /* DeathSound.mp3 */; };
		3F2576811DFF710F006CE71D /* Ding.mp3 in Resources */ = {isa = PBXBuildFile; fileRef = 3F2576791DFF710F006CE71D /* Ding.mp3 */; };
		3F2576821DFF710F006CE71D /* Gate.mp3 in Resources */ = {isa = PBXBuildFile; fileRef = 3F25767A1DFF710F006CE71D /* Gate.mp3 */; };
		3F2576831DFF710F006CE71D /* Hurt1.mp3 in Resources */ = {isa = PBXBuildFile; fileRef = 3F25767B1DFF710F006CE71D /* Hurt1.mp3 */; };
		3F2576841DFF710F006CE71D /* Hurt2.mp3 in Resources */ = {isa = PBXBuildFile; fileRef = 3F25767C1DFF710F006CE71D /* Hurt2.mp3 */; };
		3F2576851DFF710F006CE71D /* Oww.mp3 in Resources */ = {isa = PBXBuildFile; fileRef = 3F25767D1DFF710F006CE71D /* Oww.mp3 */; };
		3F2576861DFF710F006CE71D /* Pickup.mp3 in Resources */ = {isa = PBXBuildFile; fileRef = 3F25767E1DFF710F006CE71D /* Pickup.mp3 */; };
		3F2576871DFF710F006CE71D /* Victory.mp3 in Resources */ = {isa = PBXBuildFile; fileRef = 3F25767F1DFF710F006CE71D /* Victory.mp3 */; };
		3F25768C1DFF7CA2006CE71D /* GoldGet.sks in Resources */ = {isa = PBXBuildFile; fileRef = 3F2576891DFF7CA2006CE71D /* GoldGet.sks */; };
		3F25768D1DFF7CA2006CE71D /* Hurt.sks in Resources */ = {isa = PBXBuildFile; fileRef = 3F25768A1DFF7CA2006CE71D /* Hurt.sks */; };
		3F25768F1DFF7CB5006CE71D /* RingSprite.swift in Sources */ = {isa = PBXBuildFile; fileRef = 3F25768E1DFF7CB5006CE71D /* RingSprite.swift */; };
		3F5AC85A1D9498F800835E0F /* CGFloat+Extensions.swift in Sources */ = {isa = PBXBuildFile; fileRef = 3F5AC8561D9498F800835E0F /* CGFloat+Extensions.swift */; };
		3F5AC85B1D9498F800835E0F /* CGPoint+Extensions.swift in Sources */ = {isa = PBXBuildFile; fileRef = 3F5AC8571D9498F800835E0F /* CGPoint+Extensions.swift */; };
		3F5AC85C1D9498F800835E0F /* GameData.swift in Sources */ = {isa = PBXBuildFile; fileRef = 3F5AC8581D9498F800835E0F /* GameData.swift */; };
		3F5AC85D1D9498F800835E0F /* MyUtils.swift in Sources */ = {isa = PBXBuildFile; fileRef = 3F5AC8591D9498F800835E0F /* MyUtils.swift */; };
		3F5AC85F1D94A19600835E0F /* LevelFinishScene.swift in Sources */ = {isa = PBXBuildFile; fileRef = 3F5AC85E1D94A19600835E0F /* LevelFinishScene.swift */; };
		3F5AC8611D94A1AC00835E0F /* GameOverScene.swift in Sources */ = {isa = PBXBuildFile; fileRef = 3F5AC8601D94A1AC00835E0F /* GameOverScene.swift */; };
		3F5AC8631D94A24700835E0F /* LevelResults.swift in Sources */ = {isa = PBXBuildFile; fileRef = 3F5AC8621D94A24700835E0F /* LevelResults.swift */; };
		3F64F89C1D985C470035C17A /* RectangleSprite.swift in Sources */ = {isa = PBXBuildFile; fileRef = 3F64F89B1D985C470035C17A /* RectangleSprite.swift */; };
		3F8216061D947127000A0491 /* HomeScene.swift in Sources */ = {isa = PBXBuildFile; fileRef = 3F8216051D947127000A0491 /* HomeScene.swift */; };
		3F8216081D9479D0000A0491 /* DiamondSprite.swift in Sources */ = {isa = PBXBuildFile; fileRef = 3F8216071D9479D0000A0491 /* DiamondSprite.swift */; };
		3F9DE6051DA33ACB00F3E48F /* LevelChunks.swift in Sources */ = {isa = PBXBuildFile; fileRef = 3F9DE6031DA33ACB00F3E48F /* LevelChunks.swift */; };
		3F9DE6061DA33ACB00F3E48F /* LevelManager.swift in Sources */ = {isa = PBXBuildFile; fileRef = 3F9DE6041DA33ACB00F3E48F /* LevelManager.swift */; };
		3FAE97CF1DB589A500C62A03 /* nailClip.mp3 in Resources */ = {isa = PBXBuildFile; fileRef = 3FAE97CE1DB589A500C62A03 /* nailClip.mp3 */; };
		3FF476BE1DA19E2500D87D5E /* FingerParticle.sks in Resources */ = {isa = PBXBuildFile; fileRef = 3FF476BC1DA19E2500D87D5E /* FingerParticle.sks */; };
		3FF476BF1DA19E2500D87D5E /* spark.png in Resources */ = {isa = PBXBuildFile; fileRef = 3FF476BD1DA19E2500D87D5E /* spark.png */; };
/* End PBXBuildFile section */

/* Begin PBXFileReference section */
		3F030ED21DB564390099868B /* BackgroundMusic.mp3 */ = {isa = PBXFileReference; lastKnownFileType = audio.mp3; path = BackgroundMusic.mp3; sourceTree = "<group>"; };
		3F030ED41DB5645D0099868B /* AudioManager.swift */ = {isa = PBXFileReference; fileEncoding = 4; lastKnownFileType = sourcecode.swift; path = AudioManager.swift; sourceTree = "<group>"; };
		3F030ED61DB570640099868B /* ProjectileSprite.swift */ = {isa = PBXFileReference; fileEncoding = 4; lastKnownFileType = sourcecode.swift; path = ProjectileSprite.swift; sourceTree = "<group>"; };
		3F1427A81D918D450032A1B1 /* FingersRevenge.app */ = {isa = PBXFileReference; explicitFileType = wrapper.application; includeInIndex = 0; path = FingersRevenge.app; sourceTree = BUILT_PRODUCTS_DIR; };
		3F1427AB1D918D450032A1B1 /* AppDelegate.swift */ = {isa = PBXFileReference; lastKnownFileType = sourcecode.swift; path = AppDelegate.swift; sourceTree = "<group>"; };
		3F1427AD1D918D450032A1B1 /* GameScene.sks */ = {isa = PBXFileReference; lastKnownFileType = file.sks; path = GameScene.sks; sourceTree = "<group>"; };
		3F1427AF1D918D450032A1B1 /* Actions.sks */ = {isa = PBXFileReference; lastKnownFileType = file.sks; path = Actions.sks; sourceTree = "<group>"; };
		3F1427B11D918D450032A1B1 /* GameScene.swift */ = {isa = PBXFileReference; lastKnownFileType = sourcecode.swift; path = GameScene.swift; sourceTree = "<group>"; };
		3F1427B31D918D450032A1B1 /* GameViewController.swift */ = {isa = PBXFileReference; lastKnownFileType = sourcecode.swift; path = GameViewController.swift; sourceTree = "<group>"; };
		3F1427B61D918D450032A1B1 /* Base */ = {isa = PBXFileReference; lastKnownFileType = file.storyboard; name = Base; path = Base.lproj/Main.storyboard; sourceTree = "<group>"; };
		3F1427B81D918D450032A1B1 /* Assets.xcassets */ = {isa = PBXFileReference; lastKnownFileType = folder.assetcatalog; path = Assets.xcassets; sourceTree = "<group>"; };
		3F1427BB1D918D450032A1B1 /* Base */ = {isa = PBXFileReference; lastKnownFileType = file.storyboard; name = Base; path = Base.lproj/LaunchScreen.storyboard; sourceTree = "<group>"; };
		3F1427BD1D918D450032A1B1 /* Info.plist */ = {isa = PBXFileReference; lastKnownFileType = text.plist.xml; path = Info.plist; sourceTree = "<group>"; };
		3F223F321D988A9F00434A39 /* PlayerSprite.swift */ = {isa = PBXFileReference; fileEncoding = 4; lastKnownFileType = sourcecode.swift; path = PlayerSprite.swift; sourceTree = "<group>"; };
		3F2576761DFF4AE1006CE71D /* pixelation.fsh */ = {isa = PBXFileReference; fileEncoding = 4; lastKnownFileType = sourcecode.glsl; path = pixelation.fsh; sourceTree = "<group>"; };
		3F2576781DFF710F006CE71D /* DeathSound.mp3 */ = {isa = PBXFileReference; lastKnownFileType = audio.mp3; path = DeathSound.mp3; sourceTree = "<group>"; };
		3F2576791DFF710F006CE71D /* Ding.mp3 */ = {isa = PBXFileReference; lastKnownFileType = audio.mp3; path = Ding.mp3; sourceTree = "<group>"; };
		3F25767A1DFF710F006CE71D /* Gate.mp3 */ = {isa = PBXFileReference; lastKnownFileType = audio.mp3; path = Gate.mp3; sourceTree = "<group>"; };
		3F25767B1DFF710F006CE71D /* Hurt1.mp3 */ = {isa = PBXFileReference; lastKnownFileType = audio.mp3; path = Hurt1.mp3; sourceTree = "<group>"; };
		3F25767C1DFF710F006CE71D /* Hurt2.mp3 */ = {isa = PBXFileReference; lastKnownFileType = audio.mp3; path = Hurt2.mp3; sourceTree = "<group>"; };
		3F25767D1DFF710F006CE71D /* Oww.mp3 */ = {isa = PBXFileReference; lastKnownFileType = audio.mp3; path = Oww.mp3; sourceTree = "<group>"; };
		3F25767E1DFF710F006CE71D /* Pickup.mp3 */ = {isa = PBXFileReference; lastKnownFileType = audio.mp3; path = Pickup.mp3; sourceTree = "<group>"; };
		3F25767F1DFF710F006CE71D /* Victory.mp3 */ = {isa = PBXFileReference; lastKnownFileType = audio.mp3; path = Victory.mp3; sourceTree = "<group>"; };
		3F2576891DFF7CA2006CE71D /* GoldGet.sks */ = {isa = PBXFileReference; lastKnownFileType = file.sks; path = GoldGet.sks; sourceTree = "<group>"; };
		3F25768A1DFF7CA2006CE71D /* Hurt.sks */ = {isa = PBXFileReference; lastKnownFileType = file.sks; path = Hurt.sks; sourceTree = "<group>"; };
		3F25768E1DFF7CB5006CE71D /* RingSprite.swift */ = {isa = PBXFileReference; fileEncoding = 4; lastKnownFileType = sourcecode.swift; path = RingSprite.swift; sourceTree = "<group>"; };
		3F5AC8561D9498F800835E0F /* CGFloat+Extensions.swift */ = {isa = PBXFileReference; fileEncoding = 4; lastKnownFileType = sourcecode.swift; path = "CGFloat+Extensions.swift"; sourceTree = "<group>"; };
		3F5AC8571D9498F800835E0F /* CGPoint+Extensions.swift */ = {isa = PBXFileReference; fileEncoding = 4; lastKnownFileType = sourcecode.swift; path = "CGPoint+Extensions.swift"; sourceTree = "<group>"; };
		3F5AC8581D9498F800835E0F /* GameData.swift */ = {isa = PBXFileReference; fileEncoding = 4; lastKnownFileType = sourcecode.swift; path = GameData.swift; sourceTree = "<group>"; };
		3F5AC8591D9498F800835E0F /* MyUtils.swift */ = {isa = PBXFileReference; fileEncoding = 4; lastKnownFileType = sourcecode.swift; path = MyUtils.swift; sourceTree = "<group>"; };
		3F5AC85E1D94A19600835E0F /* LevelFinishScene.swift */ = {isa = PBXFileReference; fileEncoding = 4; lastKnownFileType = sourcecode.swift; path = LevelFinishScene.swift; sourceTree = "<group>"; };
		3F5AC8601D94A1AC00835E0F /* GameOverScene.swift */ = {isa = PBXFileReference; fileEncoding = 4; lastKnownFileType = sourcecode.swift; path = GameOverScene.swift; sourceTree = "<group>"; };
		3F5AC8621D94A24700835E0F /* LevelResults.swift */ = {isa = PBXFileReference; fileEncoding = 4; lastKnownFileType = sourcecode.swift; path = LevelResults.swift; sourceTree = "<group>"; };
		3F64F89B1D985C470035C17A /* RectangleSprite.swift */ = {isa = PBXFileReference; fileEncoding = 4; lastKnownFileType = sourcecode.swift; path = RectangleSprite.swift; sourceTree = "<group>"; };
		3F8216051D947127000A0491 /* HomeScene.swift */ = {isa = PBXFileReference; fileEncoding = 4; lastKnownFileType = sourcecode.swift; path = HomeScene.swift; sourceTree = "<group>"; };
		3F8216071D9479D0000A0491 /* DiamondSprite.swift */ = {isa = PBXFileReference; fileEncoding = 4; lastKnownFileType = sourcecode.swift; path = DiamondSprite.swift; sourceTree = "<group>"; };
		3F9DE6031DA33ACB00F3E48F /* LevelChunks.swift */ = {isa = PBXFileReference; fileEncoding = 4; lastKnownFileType = sourcecode.swift; path = LevelChunks.swift; sourceTree = "<group>"; };
		3F9DE6041DA33ACB00F3E48F /* LevelManager.swift */ = {isa = PBXFileReference; fileEncoding = 4; lastKnownFileType = sourcecode.swift; path = LevelManager.swift; sourceTree = "<group>"; };
		3FAE97CE1DB589A500C62A03 /* nailClip.mp3 */ = {isa = PBXFileReference; lastKnownFileType = audio.mp3; path = nailClip.mp3; sourceTree = "<group>"; };
		3FF476BC1DA19E2500D87D5E /* FingerParticle.sks */ = {isa = PBXFileReference; lastKnownFileType = file.sks; path = FingerParticle.sks; sourceTree = "<group>"; };
		3FF476BD1DA19E2500D87D5E /* spark.png */ = {isa = PBXFileReference; lastKnownFileType = image.png; path = spark.png; sourceTree = "<group>"; };
/* End PBXFileReference section */

/* Begin PBXFrameworksBuildPhase section */
		3F1427A51D918D440032A1B1 /* Frameworks */ = {
			isa = PBXFrameworksBuildPhase;
			buildActionMask = 2147483647;
			files = (
			);
			runOnlyForDeploymentPostprocessing = 0;
		};
/* End PBXFrameworksBuildPhase section */

/* Begin PBXGroup section */
		3F14279F1D918D440032A1B1 = {
			isa = PBXGroup;
			children = (
				3F1427AA1D918D450032A1B1 /* FingersRevenge */,
				3F1427A91D918D450032A1B1 /* Products */,
			);
			sourceTree = "<group>";
		};
		3F1427A91D918D450032A1B1 /* Products */ = {
			isa = PBXGroup;
			children = (
				3F1427A81D918D450032A1B1 /* FingersRevenge.app */,
			);
			name = Products;
			sourceTree = "<group>";
		};
		3F1427AA1D918D450032A1B1 /* FingersRevenge */ = {
			isa = PBXGroup;
			children = (
				3F5AC8581D9498F800835E0F /* GameData.swift */,
				3F1427AB1D918D450032A1B1 /* AppDelegate.swift */,
				3F5AC8591D9498F800835E0F /* MyUtils.swift */,
				3F8215F81D946E6A000A0491 /* VC */,
				3F8215F91D946E70000A0491 /* Scene */,
				3F5AE51F1DF8CE34004CEC1C /* Shaders */,
				3F8215FA1D946E79000A0491 /* Sprite */,
				3F8215FB1D946E7F000A0491 /* Model */,
				3F8215FC1D946E86000A0491 /* Lib */,
				3F2576901DFF81BA006CE71D /* Audio */,
				3F1427AF1D918D450032A1B1 /* Actions.sks */,
				3F1427AD1D918D450032A1B1 /* GameScene.sks */,
				3F1427B81D918D450032A1B1 /* Assets.xcassets */,
				3F1427B51D918D450032A1B1 /* Main.storyboard */,
				3F1427BA1D918D450032A1B1 /* LaunchScreen.storyboard */,
				3F1427BD1D918D450032A1B1 /* Info.plist */,
			);
			path = FingersRevenge;
			sourceTree = "<group>";
		};
		3F2576901DFF81BA006CE71D /* Audio */ = {
			isa = PBXGroup;
			children = (
				3FAE97CE1DB589A500C62A03 /* nailClip.mp3 */,
				3F030ED21DB564390099868B /* BackgroundMusic.mp3 */,
				3F2576781DFF710F006CE71D /* DeathSound.mp3 */,
				3F2576791DFF710F006CE71D /* Ding.mp3 */,
				3F25767A1DFF710F006CE71D /* Gate.mp3 */,
				3F25767B1DFF710F006CE71D /* Hurt1.mp3 */,
				3F25767C1DFF710F006CE71D /* Hurt2.mp3 */,
				3F25767D1DFF710F006CE71D /* Oww.mp3 */,
				3F25767E1DFF710F006CE71D /* Pickup.mp3 */,
				3F25767F1DFF710F006CE71D /* Victory.mp3 */,
			);
			name = Audio;
			sourceTree = "<group>";
		};
		3F5AE51F1DF8CE34004CEC1C /* Shaders */ = {
			isa = PBXGroup;
			children = (
				3F2576761DFF4AE1006CE71D /* pixelation.fsh */,
			);
			name = Shaders;
			sourceTree = "<group>";
		};
		3F8215F81D946E6A000A0491 /* VC */ = {
			isa = PBXGroup;
			children = (
				3F1427B31D918D450032A1B1 /* GameViewController.swift */,
			);
			name = VC;
			sourceTree = "<group>";
		};
		3F8215F91D946E70000A0491 /* Scene */ = {
			isa = PBXGroup;
			children = (
				3F1427B11D918D450032A1B1 /* GameScene.swift */,
				3F8216051D947127000A0491 /* HomeScene.swift */,
				3F5AC85E1D94A19600835E0F /* LevelFinishScene.swift */,
				3F5AC8601D94A1AC00835E0F /* GameOverScene.swift */,
			);
			name = Scene;
			sourceTree = "<group>";
		};
		3F8215FA1D946E79000A0491 /* Sprite */ = {
			isa = PBXGroup;
			children = (
				3FF476BC1DA19E2500D87D5E /* FingerParticle.sks */,
				3F2576891DFF7CA2006CE71D /* GoldGet.sks */,
				3F25768A1DFF7CA2006CE71D /* Hurt.sks */,
				3FF476BD1DA19E2500D87D5E /* spark.png */,
				3F8216071D9479D0000A0491 /* DiamondSprite.swift */,
				3F030ED61DB570640099868B /* ProjectileSprite.swift */,
				3F64F89B1D985C470035C17A /* RectangleSprite.swift */,
				3F25768E1DFF7CB5006CE71D /* RingSprite.swift */,
				3F223F321D988A9F00434A39 /* PlayerSprite.swift */,
			);
			name = Sprite;
			sourceTree = "<group>";
		};
		3F8215FB1D946E7F000A0491 /* Model */ = {
			isa = PBXGroup;
			children = (
				3F030ED41DB5645D0099868B /* AudioManager.swift */,
				3F9DE6031DA33ACB00F3E48F /* LevelChunks.swift */,
				3F9DE6041DA33ACB00F3E48F /* LevelManager.swift */,
				3F5AC8621D94A24700835E0F /* LevelResults.swift */,
			);
			name = Model;
			sourceTree = "<group>";
		};
		3F8215FC1D946E86000A0491 /* Lib */ = {
			isa = PBXGroup;
			children = (
				3F5AC8561D9498F800835E0F /* CGFloat+Extensions.swift */,
				3F5AC8571D9498F800835E0F /* CGPoint+Extensions.swift */,
			);
			name = Lib;
			sourceTree = "<group>";
		};
/* End PBXGroup section */

/* Begin PBXNativeTarget section */
		3F1427A71D918D440032A1B1 /* FingersRevenge */ = {
			isa = PBXNativeTarget;
			buildConfigurationList = 3F1427C01D918D450032A1B1 /* Build configuration list for PBXNativeTarget "FingersRevenge" */;
			buildPhases = (
				3F1427A41D918D440032A1B1 /* Sources */,
				3F1427A51D918D440032A1B1 /* Frameworks */,
				3F1427A61D918D440032A1B1 /* Resources */,
			);
			buildRules = (
			);
			dependencies = (
			);
			name = FingersRevenge;
			productName = FingersRevenge;
			productReference = 3F1427A81D918D450032A1B1 /* FingersRevenge.app */;
			productType = "com.apple.product-type.application";
		};
/* End PBXNativeTarget section */

/* Begin PBXProject section */
		3F1427A01D918D440032A1B1 /* Project object */ = {
			isa = PBXProject;
			attributes = {
				LastSwiftUpdateCheck = 0800;
				LastUpgradeCheck = 0820;
				ORGANIZATIONNAME = "Austin Willoughby / Peter Lockhart";
				TargetAttributes = {
					3F1427A71D918D440032A1B1 = {
						CreatedOnToolsVersion = 8.0;
						DevelopmentTeam = P5F2W7RU5W;
						ProvisioningStyle = Automatic;
					};
				};
			};
			buildConfigurationList = 3F1427A31D918D440032A1B1 /* Build configuration list for PBXProject "FingersRevenge" */;
			compatibilityVersion = "Xcode 3.2";
			developmentRegion = English;
			hasScannedForEncodings = 0;
			knownRegions = (
				en,
				Base,
			);
			mainGroup = 3F14279F1D918D440032A1B1;
			productRefGroup = 3F1427A91D918D450032A1B1 /* Products */;
			projectDirPath = "";
			projectRoot = "";
			targets = (
				3F1427A71D918D440032A1B1 /* FingersRevenge */,
			);
		};
/* End PBXProject section */

/* Begin PBXResourcesBuildPhase section */
		3F1427A61D918D440032A1B1 /* Resources */ = {
			isa = PBXResourcesBuildPhase;
			buildActionMask = 2147483647;
			files = (
				3F2576811DFF710F006CE71D /* Ding.mp3 in Resources */,
				3F1427B71D918D450032A1B1 /* Main.storyboard in Resources */,
				3F2576851DFF710F006CE71D /* Oww.mp3 in Resources */,
				3F1427AE1D918D450032A1B1 /* GameScene.sks in Resources */,
				3FAE97CF1DB589A500C62A03 /* nailClip.mp3 in Resources */,
				3F2576871DFF710F006CE71D /* Victory.mp3 in Resources */,
				3F2576801DFF710F006CE71D /* DeathSound.mp3 in Resources */,
				3F030ED31DB564390099868B /* BackgroundMusic.mp3 in Resources */,
				3F2576771DFF4AE1006CE71D /* pixelation.fsh in Resources */,
				3F1427B91D918D450032A1B1 /* Assets.xcassets in Resources */,
				3FF476BF1DA19E2500D87D5E /* spark.png in Resources */,
				3F1427BC1D918D450032A1B1 /* LaunchScreen.storyboard in Resources */,
				3F2576821DFF710F006CE71D /* Gate.mp3 in Resources */,
				3F2576841DFF710F006CE71D /* Hurt2.mp3 in Resources */,
				3FF476BE1DA19E2500D87D5E /* FingerParticle.sks in Resources */,
				3F2576861DFF710F006CE71D /* Pickup.mp3 in Resources */,
				3F25768C1DFF7CA2006CE71D /* GoldGet.sks in Resources */,
				3F1427B01D918D450032A1B1 /* Actions.sks in Resources */,
				3F25768D1DFF7CA2006CE71D /* Hurt.sks in Resources */,
				3F2576831DFF710F006CE71D /* Hurt1.mp3 in Resources */,
			);
			runOnlyForDeploymentPostprocessing = 0;
		};
/* End PBXResourcesBuildPhase section */

/* Begin PBXSourcesBuildPhase section */
		3F1427A41D918D440032A1B1 /* Sources */ = {
			isa = PBXSourcesBuildPhase;
			buildActionMask = 2147483647;
			files = (
				3F9DE6061DA33ACB00F3E48F /* LevelManager.swift in Sources */,
				3F5AC85F1D94A19600835E0F /* LevelFinishScene.swift in Sources */,
				3F5AC85B1D9498F800835E0F /* CGPoint+Extensions.swift in Sources */,
				3F030ED51DB5645D0099868B /* AudioManager.swift in Sources */,
				3F5AC8611D94A1AC00835E0F /* GameOverScene.swift in Sources */,
				3F1427B21D918D450032A1B1 /* GameScene.swift in Sources */,
				3F9DE6051DA33ACB00F3E48F /* LevelChunks.swift in Sources */,
				3F64F89C1D985C470035C17A /* RectangleSprite.swift in Sources */,
				3F223F331D988A9F00434A39 /* PlayerSprite.swift in Sources */,
				3F8216061D947127000A0491 /* HomeScene.swift in Sources */,
				3F8216081D9479D0000A0491 /* DiamondSprite.swift in Sources */,
				3F5AC85D1D9498F800835E0F /* MyUtils.swift in Sources */,
				3F5AC8631D94A24700835E0F /* LevelResults.swift in Sources */,
				3F030ED71DB570640099868B /* ProjectileSprite.swift in Sources */,
				3F25768F1DFF7CB5006CE71D /* RingSprite.swift in Sources */,
				3F1427B41D918D450032A1B1 /* GameViewController.swift in Sources */,
				3F5AC85C1D9498F800835E0F /* GameData.swift in Sources */,
				3F5AC85A1D9498F800835E0F /* CGFloat+Extensions.swift in Sources */,
				3F1427AC1D918D450032A1B1 /* AppDelegate.swift in Sources */,
			);
			runOnlyForDeploymentPostprocessing = 0;
		};
/* End PBXSourcesBuildPhase section */

/* Begin PBXVariantGroup section */
		3F1427B51D918D450032A1B1 /* Main.storyboard */ = {
			isa = PBXVariantGroup;
			children = (
				3F1427B61D918D450032A1B1 /* Base */,
			);
			name = Main.storyboard;
			sourceTree = "<group>";
		};
		3F1427BA1D918D450032A1B1 /* LaunchScreen.storyboard */ = {
			isa = PBXVariantGroup;
			children = (
				3F1427BB1D918D450032A1B1 /* Base */,
			);
			name = LaunchScreen.storyboard;
			sourceTree = "<group>";
		};
/* End PBXVariantGroup section */

/* Begin XCBuildConfiguration section */
		3F1427BE1D918D450032A1B1 /* Debug */ = {
			isa = XCBuildConfiguration;
			buildSettings = {
				ALWAYS_SEARCH_USER_PATHS = NO;
				CLANG_ANALYZER_NONNULL = YES;
				CLANG_CXX_LANGUAGE_STANDARD = "gnu++0x";
				CLANG_CXX_LIBRARY = "libc++";
				CLANG_ENABLE_MODULES = YES;
				CLANG_ENABLE_OBJC_ARC = YES;
				CLANG_WARN_BOOL_CONVERSION = YES;
				CLANG_WARN_CONSTANT_CONVERSION = YES;
				CLANG_WARN_DIRECT_OBJC_ISA_USAGE = YES_ERROR;
				CLANG_WARN_DOCUMENTATION_COMMENTS = YES;
				CLANG_WARN_EMPTY_BODY = YES;
				CLANG_WARN_ENUM_CONVERSION = YES;
				CLANG_WARN_INFINITE_RECURSION = YES;
				CLANG_WARN_INT_CONVERSION = YES;
				CLANG_WARN_OBJC_ROOT_CLASS = YES_ERROR;
				CLANG_WARN_SUSPICIOUS_MOVE = YES;
				CLANG_WARN_SUSPICIOUS_MOVES = YES;
				CLANG_WARN_UNREACHABLE_CODE = YES;
				CLANG_WARN__DUPLICATE_METHOD_MATCH = YES;
				"CODE_SIGN_IDENTITY[sdk=iphoneos*]" = "iPhone Developer";
				COPY_PHASE_STRIP = NO;
				DEBUG_INFORMATION_FORMAT = dwarf;
				ENABLE_STRICT_OBJC_MSGSEND = YES;
				ENABLE_TESTABILITY = YES;
				GCC_C_LANGUAGE_STANDARD = gnu99;
				GCC_DYNAMIC_NO_PIC = NO;
				GCC_NO_COMMON_BLOCKS = YES;
				GCC_OPTIMIZATION_LEVEL = 0;
				GCC_PREPROCESSOR_DEFINITIONS = (
					"DEBUG=1",
					"$(inherited)",
				);
				GCC_WARN_64_TO_32_BIT_CONVERSION = YES;
				GCC_WARN_ABOUT_RETURN_TYPE = YES_ERROR;
				GCC_WARN_UNDECLARED_SELECTOR = YES;
				GCC_WARN_UNINITIALIZED_AUTOS = YES_AGGRESSIVE;
				GCC_WARN_UNUSED_FUNCTION = YES;
				GCC_WARN_UNUSED_VARIABLE = YES;
				IPHONEOS_DEPLOYMENT_TARGET = 10.0;
				MTL_ENABLE_DEBUG_INFO = YES;
				ONLY_ACTIVE_ARCH = YES;
				SDKROOT = iphoneos;
				SWIFT_ACTIVE_COMPILATION_CONDITIONS = DEBUG;
				SWIFT_OPTIMIZATION_LEVEL = "-Onone";
				TARGETED_DEVICE_FAMILY = "1,2";
			};
			name = Debug;
		};
		3F1427BF1D918D450032A1B1 /* Release */ = {
			isa = XCBuildConfiguration;
			buildSettings = {
				ALWAYS_SEARCH_USER_PATHS = NO;
				CLANG_ANALYZER_NONNULL = YES;
				CLANG_CXX_LANGUAGE_STANDARD = "gnu++0x";
				CLANG_CXX_LIBRARY = "libc++";
				CLANG_ENABLE_MODULES = YES;
				CLANG_ENABLE_OBJC_ARC = YES;
				CLANG_WARN_BOOL_CONVERSION = YES;
				CLANG_WARN_CONSTANT_CONVERSION = YES;
				CLANG_WARN_DIRECT_OBJC_ISA_USAGE = YES_ERROR;
				CLANG_WARN_DOCUMENTATION_COMMENTS = YES;
				CLANG_WARN_EMPTY_BODY = YES;
				CLANG_WARN_ENUM_CONVERSION = YES;
				CLANG_WARN_INFINITE_RECURSION = YES;
				CLANG_WARN_INT_CONVERSION = YES;
				CLANG_WARN_OBJC_ROOT_CLASS = YES_ERROR;
				CLANG_WARN_SUSPICIOUS_MOVE = YES;
				CLANG_WARN_SUSPICIOUS_MOVES = YES;
				CLANG_WARN_UNREACHABLE_CODE = YES;
				CLANG_WARN__DUPLICATE_METHOD_MATCH = YES;
				"CODE_SIGN_IDENTITY[sdk=iphoneos*]" = "iPhone Developer";
				COPY_PHASE_STRIP = NO;
				DEBUG_INFORMATION_FORMAT = "dwarf-with-dsym";
				ENABLE_NS_ASSERTIONS = NO;
				ENABLE_STRICT_OBJC_MSGSEND = YES;
				GCC_C_LANGUAGE_STANDARD = gnu99;
				GCC_NO_COMMON_BLOCKS = YES;
				GCC_WARN_64_TO_32_BIT_CONVERSION = YES;
				GCC_WARN_ABOUT_RETURN_TYPE = YES_ERROR;
				GCC_WARN_UNDECLARED_SELECTOR = YES;
				GCC_WARN_UNINITIALIZED_AUTOS = YES_AGGRESSIVE;
				GCC_WARN_UNUSED_FUNCTION = YES;
				GCC_WARN_UNUSED_VARIABLE = YES;
				IPHONEOS_DEPLOYMENT_TARGET = 10.0;
				MTL_ENABLE_DEBUG_INFO = NO;
				SDKROOT = iphoneos;
				SWIFT_OPTIMIZATION_LEVEL = "-Owholemodule";
				TARGETED_DEVICE_FAMILY = "1,2";
				VALIDATE_PRODUCT = YES;
			};
			name = Release;
		};
		3F1427C11D918D450032A1B1 /* Debug */ = {
			isa = XCBuildConfiguration;
			buildSettings = {
				ASSETCATALOG_COMPILER_APPICON_NAME = AppIcon;
				DEVELOPMENT_TEAM = P5F2W7RU5W;
				INFOPLIST_FILE = FingersRevenge/Info.plist;
				IPHONEOS_DEPLOYMENT_TARGET = 10.0;
				LD_RUNPATH_SEARCH_PATHS = "$(inherited) @executable_path/Frameworks";
				PRODUCT_BUNDLE_IDENTIFIER = com.finger.FingersRevenge;
				PRODUCT_NAME = "$(TARGET_NAME)";
				SWIFT_VERSION = 3.0;
				TARGETED_DEVICE_FAMILY = 1;
			};
			name = Debug;
		};
		3F1427C21D918D450032A1B1 /* Release */ = {
			isa = XCBuildConfiguration;
			buildSettings = {
				ASSETCATALOG_COMPILER_APPICON_NAME = AppIcon;
				DEVELOPMENT_TEAM = P5F2W7RU5W;
				INFOPLIST_FILE = FingersRevenge/Info.plist;
				IPHONEOS_DEPLOYMENT_TARGET = 10.0;
				LD_RUNPATH_SEARCH_PATHS = "$(inherited) @executable_path/Frameworks";
				PRODUCT_BUNDLE_IDENTIFIER = com.finger.FingersRevenge;
				PRODUCT_NAME = "$(TARGET_NAME)";
				SWIFT_VERSION = 3.0;
				TARGETED_DEVICE_FAMILY = 1;
			};
			name = Release;
		};
/* End XCBuildConfiguration section */

/* Begin XCConfigurationList section */
		3F1427A31D918D440032A1B1 /* Build configuration list for PBXProject "FingersRevenge" */ = {
			isa = XCConfigurationList;
			buildConfigurations = (
				3F1427BE1D918D450032A1B1 /* Debug */,
				3F1427BF1D918D450032A1B1 /* Release */,
			);
			defaultConfigurationIsVisible = 0;
			defaultConfigurationName = Release;
		};
		3F1427C01D918D450032A1B1 /* Build configuration list for PBXNativeTarget "FingersRevenge" */ = {
			isa = XCConfigurationList;
			buildConfigurations = (
				3F1427C11D918D450032A1B1 /* Debug */,
				3F1427C21D918D450032A1B1 /* Release */,
			);
			defaultConfigurationIsVisible = 0;
			defaultConfigurationName = Release;
		};
/* End XCConfigurationList section */
	};
	rootObject = 3F1427A01D918D440032A1B1 /* Project object */;
}
